// !$*UTF8*$!
{
	archiveVersion = 1;
	classes = {
	};
	objectVersion = 56;
	objects = {

/* Begin PBXBuildFile section */
		200000000000000000000010 /* DartVioApp.swift in Sources */ = {isa = PBXBuildFile; fileRef = 100000000000000000000010 /* DartVioApp.swift */; };
		200000000000000000000011 /* Palette.swift in Sources */ = {isa = PBXBuildFile; fileRef = 100000000000000000000011 /* Palette.swift */; };
		200000000000000000000012 /* SharedAccess.swift in Sources */ = {isa = PBXBuildFile; fileRef = 100000000000000000000012 /* SharedAccess.swift */; };
		200000000000000000000013 /* SharedFactory.swift in Sources */ = {isa = PBXBuildFile; fileRef = 100000000000000000000013 /* SharedFactory.swift */; };
		200000000000000000000014 /* RootTabsView.swift in Sources */ = {isa = PBXBuildFile; fileRef = 100000000000000000000014 /* RootTabsView.swift */; };
		200000000000000000000015 /* X01SetupView.swift in Sources */ = {isa = PBXBuildFile; fileRef = 100000000000000000000015 /* X01SetupView.swift */; };
		200000000000000000000016 /* X01GameViewModel.swift in Sources */ = {isa = PBXBuildFile; fileRef = 100000000000000000000016 /* X01GameViewModel.swift */; };
		200000000000000000000017 /* X01GameView.swift in Sources */ = {isa = PBXBuildFile; fileRef = 100000000000000000000017 /* X01GameView.swift */; };
		200000000000000000000018 /* CountUpViewModel.swift in Sources */ = {isa = PBXBuildFile; fileRef = 100000000000000000000018 /* CountUpViewModel.swift */; };
		200000000000000000000019 /* CountUpPracticeView.swift in Sources */ = {isa = PBXBuildFile; fileRef = 100000000000000000000019 /* CountUpPracticeView.swift */; };
		20000000000000000000001A /* CountUpResultView.swift in Sources */ = {isa = PBXBuildFile; fileRef = 10000000000000000000001A /* CountUpResultView.swift */; };
		20000000000000000000001B /* KeypadView.swift in Sources */ = {isa = PBXBuildFile; fileRef = 10000000000000000000001B /* KeypadView.swift */; };
		20000000000000000000001C /* GameCommon.swift in Sources */ = {isa = PBXBuildFile; fileRef = 10000000000000000000001C /* GameCommon.swift */; };
		20000000000000000000001D /* DartVioUITests.swift in Sources */ = {isa = PBXBuildFile; fileRef = 10000000000000000000001F /* DartVioUITests.swift */; };
		20000000000000000000001E /* RandomCheckoutViewModel.swift in Sources */ = {isa = PBXBuildFile; fileRef = 100000000000000000000021 /* RandomCheckoutViewModel.swift */; };
		20000000000000000000001F /* RandomCheckoutPracticeView.swift in Sources */ = {isa = PBXBuildFile; fileRef = 100000000000000000000022 /* RandomCheckoutPracticeView.swift */; };
		200000000000000000000020 /* CheckoutRushViewModel.swift in Sources */ = {isa = PBXBuildFile; fileRef = 100000000000000000000023 /* CheckoutRushViewModel.swift */; };
		200000000000000000000021 /* CheckoutRushPracticeView.swift in Sources */ = {isa = PBXBuildFile; fileRef = 100000000000000000000024 /* CheckoutRushPracticeView.swift */; };
		200000000000000000000022 /* CheckoutRushReportView.swift in Sources */ = {isa = PBXBuildFile; fileRef = 100000000000000000000025 /* CheckoutRushReportView.swift */; };
		200000000000000000000023 /* NinetyNineViewModel.swift in Sources */ = {isa = PBXBuildFile; fileRef = 100000000000000000000026 /* NinetyNineViewModel.swift */; };
		200000000000000000000024 /* NinetyNinePracticeView.swift in Sources */ = {isa = PBXBuildFile; fileRef = 100000000000000000000027 /* NinetyNinePracticeView.swift */; };
		200000000000000000000025 /* CricketMprViewModel.swift in Sources */ = {isa = PBXBuildFile; fileRef = 100000000000000000000028 /* CricketMprViewModel.swift */; };
		200000000000000000000026 /* CricketMprPracticeView.swift in Sources */ = {isa = PBXBuildFile; fileRef = 100000000000000000000029 /* CricketMprPracticeView.swift */; };
		200000000000000000000027 /* ImpactPracticeViewModel.swift in Sources */ = {isa = PBXBuildFile; fileRef = 10000000000000000000002A /* ImpactPracticeViewModel.swift */; };
		200000000000000000000028 /* ImpactPracticeView.swift in Sources */ = {isa = PBXBuildFile; fileRef = 10000000000000000000002B /* ImpactPracticeView.swift */; };
		200000000000000000000029 /* ImpactReportView.swift in Sources */ = {isa = PBXBuildFile; fileRef = 10000000000000000000002C /* ImpactReportView.swift */; };
		20000000000000000000002A /* VersusViewModel.swift in Sources */ = {isa = PBXBuildFile; fileRef = 10000000000000000000002D /* VersusViewModel.swift */; };
		20000000000000000000002B /* VersusFlowView.swift in Sources */ = {isa = PBXBuildFile; fileRef = 10000000000000000000002E /* VersusFlowView.swift */; };
		5FF90B41306A68AC00C80187 /* shared.framework in Frameworks */ = {isa = PBXBuildFile; fileRef = 5FF90B40306A68AC00C80187 /* shared.framework */; };
		5FF90B42306A68AC00C80187 /* shared.framework in Embed Frameworks */ = {isa = PBXBuildFile; fileRef = 5FF90B40306A68AC00C80187 /* shared.framework */; settings = {ATTRIBUTES = (CodeSignOnCopy, RemoveHeadersOnCopy, ); }; };
/* End PBXBuildFile section */

/* Begin PBXContainerItemProxy section */
		800000000000000000000001 /* PBXContainerItemProxy */ = {
			isa = PBXContainerItemProxy;
			containerPortal = 500000000000000000000002 /* Project object */;
			proxyType = 1;
			remoteGlobalIDString = 500000000000000000000001;
			remoteInfo = DartVio;
		};
/* End PBXContainerItemProxy section */

/* Begin PBXCopyFilesBuildPhase section */
		5FF90B43306A68AC00C80187 /* Embed Frameworks */ = {
			isa = PBXCopyFilesBuildPhase;
			buildActionMask = 2147483647;
			dstPath = "";
			dstSubfolderSpec = 10;
			files = (
				5FF90B42306A68AC00C80187 /* shared.framework in Embed Frameworks */,
			);
			name = "Embed Frameworks";
			runOnlyForDeploymentPostprocessing = 0;
		};
/* End PBXCopyFilesBuildPhase section */

/* Begin PBXFileReference section */
		100000000000000000000010 /* DartVioApp.swift */ = {isa = PBXFileReference; lastKnownFileType = sourcecode.swift; path = DartVioApp.swift; sourceTree = "<group>"; };
		100000000000000000000011 /* Palette.swift */ = {isa = PBXFileReference; lastKnownFileType = sourcecode.swift; path = Palette.swift; sourceTree = "<group>"; };
		100000000000000000000012 /* SharedAccess.swift */ = {isa = PBXFileReference; lastKnownFileType = sourcecode.swift; path = SharedAccess.swift; sourceTree = "<group>"; };
		100000000000000000000013 /* SharedFactory.swift */ = {isa = PBXFileReference; lastKnownFileType = sourcecode.swift; path = SharedFactory.swift; sourceTree = "<group>"; };
		100000000000000000000014 /* RootTabsView.swift */ = {isa = PBXFileReference; lastKnownFileType = sourcecode.swift; path = RootTabsView.swift; sourceTree = "<group>"; };
		100000000000000000000015 /* X01SetupView.swift */ = {isa = PBXFileReference; lastKnownFileType = sourcecode.swift; path = X01SetupView.swift; sourceTree = "<group>"; };
		100000000000000000000016 /* X01GameViewModel.swift */ = {isa = PBXFileReference; lastKnownFileType = sourcecode.swift; path = X01GameViewModel.swift; sourceTree = "<group>"; };
		100000000000000000000017 /* X01GameView.swift */ = {isa = PBXFileReference; lastKnownFileType = sourcecode.swift; path = X01GameView.swift; sourceTree = "<group>"; };
		100000000000000000000018 /* CountUpViewModel.swift */ = {isa = PBXFileReference; lastKnownFileType = sourcecode.swift; path = CountUpViewModel.swift; sourceTree = "<group>"; };
		100000000000000000000019 /* CountUpPracticeView.swift */ = {isa = PBXFileReference; lastKnownFileType = sourcecode.swift; path = CountUpPracticeView.swift; sourceTree = "<group>"; };
		10000000000000000000001A /* CountUpResultView.swift */ = {isa = PBXFileReference; lastKnownFileType = sourcecode.swift; path = CountUpResultView.swift; sourceTree = "<group>"; };
		10000000000000000000001B /* KeypadView.swift */ = {isa = PBXFileReference; lastKnownFileType = sourcecode.swift; path = KeypadView.swift; sourceTree = "<group>"; };
		10000000000000000000001C /* GameCommon.swift */ = {isa = PBXFileReference; lastKnownFileType = sourcecode.swift; path = GameCommon.swift; sourceTree = "<group>"; };
		10000000000000000000001D /* link-shared.sh */ = {isa = PBXFileReference; lastKnownFileType = text.script.sh; path = "link-shared.sh"; sourceTree = "<group>"; };
		10000000000000000000001E /* DartVio.app */ = {isa = PBXFileReference; explicitFileType = wrapper.application; includeInIndex = 0; path = DartVio.app; sourceTree = BUILT_PRODUCTS_DIR; };
		10000000000000000000001F /* DartVioUITests.swift */ = {isa = PBXFileReference; lastKnownFileType = sourcecode.swift; path = DartVioUITests.swift; sourceTree = "<group>"; };
		100000000000000000000021 /* RandomCheckoutViewModel.swift */ = {isa = PBXFileReference; lastKnownFileType = sourcecode.swift; path = RandomCheckoutViewModel.swift; sourceTree = "<group>"; };
		100000000000000000000022 /* RandomCheckoutPracticeView.swift */ = {isa = PBXFileReference; lastKnownFileType = sourcecode.swift; path = RandomCheckoutPracticeView.swift; sourceTree = "<group>"; };
		100000000000000000000023 /* CheckoutRushViewModel.swift */ = {isa = PBXFileReference; lastKnownFileType = sourcecode.swift; path = CheckoutRushViewModel.swift; sourceTree = "<group>"; };
		100000000000000000000024 /* CheckoutRushPracticeView.swift */ = {isa = PBXFileReference; lastKnownFileType = sourcecode.swift; path = CheckoutRushPracticeView.swift; sourceTree = "<group>"; };
		100000000000000000000025 /* CheckoutRushReportView.swift */ = {isa = PBXFileReference; lastKnownFileType = sourcecode.swift; path = CheckoutRushReportView.swift; sourceTree = "<group>"; };
		100000000000000000000026 /* NinetyNineViewModel.swift */ = {isa = PBXFileReference; lastKnownFileType = sourcecode.swift; path = NinetyNineViewModel.swift; sourceTree = "<group>"; };
		100000000000000000000027 /* NinetyNinePracticeView.swift */ = {isa = PBXFileReference; lastKnownFileType = sourcecode.swift; path = NinetyNinePracticeView.swift; sourceTree = "<group>"; };
		100000000000000000000028 /* CricketMprViewModel.swift */ = {isa = PBXFileReference; lastKnownFileType = sourcecode.swift; path = CricketMprViewModel.swift; sourceTree = "<group>"; };
		100000000000000000000029 /* CricketMprPracticeView.swift */ = {isa = PBXFileReference; lastKnownFileType = sourcecode.swift; path = CricketMprPracticeView.swift; sourceTree = "<group>"; };
		10000000000000000000002A /* ImpactPracticeViewModel.swift */ = {isa = PBXFileReference; lastKnownFileType = sourcecode.swift; path = ImpactPracticeViewModel.swift; sourceTree = "<group>"; };
		10000000000000000000002B /* ImpactPracticeView.swift */ = {isa = PBXFileReference; lastKnownFileType = sourcecode.swift; path = ImpactPracticeView.swift; sourceTree = "<group>"; };
		10000000000000000000002C /* ImpactReportView.swift */ = {isa = PBXFileReference; lastKnownFileType = sourcecode.swift; path = ImpactReportView.swift; sourceTree = "<group>"; };
		10000000000000000000002D /* VersusViewModel.swift */ = {isa = PBXFileReference; lastKnownFileType = sourcecode.swift; path = VersusViewModel.swift; sourceTree = "<group>"; };
		10000000000000000000002E /* VersusFlowView.swift */ = {isa = PBXFileReference; lastKnownFileType = sourcecode.swift; path = VersusFlowView.swift; sourceTree = "<group>"; };
		100000000000000000000020 /* DartVioUITests.xctest */ = {isa = PBXFileReference; explicitFileType = wrapper.cfbundle; includeInIndex = 0; path = DartVioUITests.xctest; sourceTree = BUILT_PRODUCTS_DIR; };
		5FF90B40306A68AC00C80187 /* shared.framework */ = {isa = PBXFileReference; lastKnownFileType = wrapper.framework; name = shared.framework; path = Build/Frameworks/shared.framework; sourceTree = "<group>"; };
/* End PBXFileReference section */

/* Begin PBXFrameworksBuildPhase section */
		400000000000000000000002 /* Frameworks */ = {
			isa = PBXFrameworksBuildPhase;
			buildActionMask = 2147483647;
			files = (
				5FF90B41306A68AC00C80187 /* shared.framework in Frameworks */,
			);
			runOnlyForDeploymentPostprocessing = 0;
		};
		400000000000000000000006 /* Frameworks */ = {
			isa = PBXFrameworksBuildPhase;
			buildActionMask = 2147483647;
			files = (
			);
			runOnlyForDeploymentPostprocessing = 0;
		};
/* End PBXFrameworksBuildPhase section */

/* Begin PBXGroup section */
		30000000000000000000000E /* Versus */ = {
			isa = PBXGroup;
			children = (
				10000000000000000000002D /* VersusViewModel.swift */,
				10000000000000000000002E /* VersusFlowView.swift */,
			);
			path = Versus;
			sourceTree = "<group>";
		};
		300000000000000000000001 = {
			isa = PBXGroup;
			children = (
				300000000000000000000002 /* DartVio */,
				30000000000000000000000B /* Scripts */,
				30000000000000000000000D /* DartVioUITests */,
				5FF90B3F306A68AC00C80187 /* Frameworks */,
				30000000000000000000000C /* Products */,
			);
			sourceTree = "<group>";
		};
		300000000000000000000002 /* DartVio */ = {
			isa = PBXGroup;
			children = (
				100000000000000000000010 /* DartVioApp.swift */,
				300000000000000000000003 /* Theme */,
				300000000000000000000004 /* SharedBridge */,
				300000000000000000000005 /* Features */,
				30000000000000000000000A /* Components */,
			);
			path = DartVio;
			sourceTree = "<group>";
		};
		300000000000000000000003 /* Theme */ = {
			isa = PBXGroup;
			children = (
				100000000000000000000011 /* Palette.swift */,
			);
			path = Theme;
			sourceTree = "<group>";
		};
		300000000000000000000004 /* SharedBridge */ = {
			isa = PBXGroup;
			children = (
				100000000000000000000012 /* SharedAccess.swift */,
				100000000000000000000013 /* SharedFactory.swift */,
			);
			path = SharedBridge;
			sourceTree = "<group>";
		};
		300000000000000000000005 /* Features */ = {
			isa = PBXGroup;
			children = (
				300000000000000000000006 /* Root */,
				300000000000000000000007 /* X01Setup */,
				300000000000000000000008 /* Game */,
				300000000000000000000009 /* Practice */,
				30000000000000000000000E /* Versus */,
			);
			path = Features;
			sourceTree = "<group>";
		};
		300000000000000000000006 /* Root */ = {
			isa = PBXGroup;
			children = (
				100000000000000000000014 /* RootTabsView.swift */,
			);
			path = Root;
			sourceTree = "<group>";
		};
		300000000000000000000007 /* X01Setup */ = {
			isa = PBXGroup;
			children = (
				100000000000000000000015 /* X01SetupView.swift */,
			);
			path = X01Setup;
			sourceTree = "<group>";
		};
		300000000000000000000008 /* Game */ = {
			isa = PBXGroup;
			children = (
				100000000000000000000016 /* X01GameViewModel.swift */,
				100000000000000000000017 /* X01GameView.swift */,
			);
			path = Game;
			sourceTree = "<group>";
		};
		300000000000000000000009 /* Practice */ = {
			isa = PBXGroup;
			children = (
				100000000000000000000018 /* CountUpViewModel.swift */,
				100000000000000000000019 /* CountUpPracticeView.swift */,
				10000000000000000000001A /* CountUpResultView.swift */,
				100000000000000000000021 /* RandomCheckoutViewModel.swift */,
				100000000000000000000022 /* RandomCheckoutPracticeView.swift */,
				100000000000000000000023 /* CheckoutRushViewModel.swift */,
				100000000000000000000024 /* CheckoutRushPracticeView.swift */,
				100000000000000000000025 /* CheckoutRushReportView.swift */,
				100000000000000000000026 /* NinetyNineViewModel.swift */,
				100000000000000000000027 /* NinetyNinePracticeView.swift */,
				100000000000000000000028 /* CricketMprViewModel.swift */,
				100000000000000000000029 /* CricketMprPracticeView.swift */,
				10000000000000000000002A /* ImpactPracticeViewModel.swift */,
				10000000000000000000002B /* ImpactPracticeView.swift */,
				10000000000000000000002C /* ImpactReportView.swift */,
			);
			path = Practice;
			sourceTree = "<group>";
		};
		30000000000000000000000A /* Components */ = {
			isa = PBXGroup;
			children = (
				10000000000000000000001B /* KeypadView.swift */,
				10000000000000000000001C /* GameCommon.swift */,
			);
			path = Components;
			sourceTree = "<group>";
		};
		30000000000000000000000B /* Scripts */ = {
			isa = PBXGroup;
			children = (
				10000000000000000000001D /* link-shared.sh */,
			);
			path = Scripts;
			sourceTree = "<group>";
		};
		30000000000000000000000C /* Products */ = {
			isa = PBXGroup;
			children = (
				10000000000000000000001E /* DartVio.app */,
				100000000000000000000020 /* DartVioUITests.xctest */,
			);
			name = Products;
			sourceTree = "<group>";
		};
		30000000000000000000000D /* DartVioUITests */ = {
			isa = PBXGroup;
			children = (
				10000000000000000000001F /* DartVioUITests.swift */,
			);
			path = DartVioUITests;
			sourceTree = "<group>";
		};
		5FF90B3F306A68AC00C80187 /* Frameworks */ = {
			isa = PBXGroup;
			children = (
				5FF90B40306A68AC00C80187 /* shared.framework */,
			);
			name = Frameworks;
			sourceTree = "<group>";
		};
/* End PBXGroup section */

/* Begin PBXNativeTarget section */
		500000000000000000000001 /* DartVio */ = {
			isa = PBXNativeTarget;
			buildConfigurationList = 700000000000000000000002 /* Build configuration list for PBXNativeTarget "DartVio" */;
			buildPhases = (
				400000000000000000000004 /* Build Kotlin shared framework */,
				400000000000000000000001 /* Sources */,
				400000000000000000000002 /* Frameworks */,
				400000000000000000000003 /* Resources */,
				5FF90B43306A68AC00C80187 /* Embed Frameworks */,
			);
			buildRules = (
			);
			dependencies = (
			);
			name = DartVio;
			productName = DartVio;
			productReference = 10000000000000000000001E /* DartVio.app */;
			productType = "com.apple.product-type.application";
		};
		500000000000000000000003 /* DartVioUITests */ = {
			isa = PBXNativeTarget;
			buildConfigurationList = 700000000000000000000003 /* Build configuration list for PBXNativeTarget "DartVioUITests" */;
			buildPhases = (
				400000000000000000000005 /* Sources */,
				400000000000000000000006 /* Frameworks */,
			);
			buildRules = (
			);
			dependencies = (
				800000000000000000000002 /* PBXTargetDependency */,
			);
			name = DartVioUITests;
			productName = DartVioUITests;
			productReference = 100000000000000000000020 /* DartVioUITests.xctest */;
			productType = "com.apple.product-type.bundle.ui-testing";
		};
/* End PBXNativeTarget section */

/* Begin PBXProject section */
		500000000000000000000002 /* Project object */ = {
			isa = PBXProject;
			attributes = {
				BuildIndependentTargetsInParallel = 1;
				LastUpgradeCheck = 2700;
			};
			buildConfigurationList = 700000000000000000000001 /* Build configuration list for PBXProject "DartVio" */;
			compatibilityVersion = "Xcode 14.0";
			developmentRegion = en;
			hasScannedForEncodings = 0;
			knownRegions = (
				en,
				Base,
			);
			mainGroup = 300000000000000000000001;
			productRefGroup = 30000000000000000000000C /* Products */;
			projectDirPath = "";
			projectRoot = "";
			targets = (
				500000000000000000000001 /* DartVio */,
				500000000000000000000003 /* DartVioUITests */,
			);
		};
/* End PBXProject section */

/* Begin PBXResourcesBuildPhase section */
		400000000000000000000003 /* Resources */ = {
			isa = PBXResourcesBuildPhase;
			buildActionMask = 2147483647;
			files = (
			);
			runOnlyForDeploymentPostprocessing = 0;
		};
/* End PBXResourcesBuildPhase section */

/* Begin PBXShellScriptBuildPhase section */
		400000000000000000000004 /* Build Kotlin shared framework */ = {
			isa = PBXShellScriptBuildPhase;
			buildActionMask = 2147483647;
			files = (
			);
			inputPaths = (
			);
			name = "Build Kotlin shared framework";
			outputPaths = (
			);
			runOnlyForDeploymentPostprocessing = 0;
			shellPath = /bin/bash;
			shellScript = "set -e\n\"$SRCROOT/Scripts/link-shared.sh\"\n\n";
		};
/* End PBXShellScriptBuildPhase section */

/* Begin PBXSourcesBuildPhase section */
		400000000000000000000001 /* Sources */ = {
			isa = PBXSourcesBuildPhase;
			buildActionMask = 2147483647;
			files = (
				200000000000000000000010 /* DartVioApp.swift in Sources */,
				200000000000000000000011 /* Palette.swift in Sources */,
				200000000000000000000012 /* SharedAccess.swift in Sources */,
				200000000000000000000013 /* SharedFactory.swift in Sources */,
				200000000000000000000014 /* RootTabsView.swift in Sources */,
				200000000000000000000015 /* X01SetupView.swift in Sources */,
				200000000000000000000016 /* X01GameViewModel.swift in Sources */,
				200000000000000000000017 /* X01GameView.swift in Sources */,
				200000000000000000000018 /* CountUpViewModel.swift in Sources */,
				200000000000000000000019 /* CountUpPracticeView.swift in Sources */,
				20000000000000000000001A /* CountUpResultView.swift in Sources */,
				20000000000000000000001B /* KeypadView.swift in Sources */,
				20000000000000000000001C /* GameCommon.swift in Sources */,
				20000000000000000000001E /* RandomCheckoutViewModel.swift in Sources */,
				20000000000000000000001F /* RandomCheckoutPracticeView.swift in Sources */,
				200000000000000000000020 /* CheckoutRushViewModel.swift in Sources */,
				200000000000000000000021 /* CheckoutRushPracticeView.swift in Sources */,
				200000000000000000000022 /* CheckoutRushReportView.swift in Sources */,
				200000000000000000000023 /* NinetyNineViewModel.swift in Sources */,
				200000000000000000000024 /* NinetyNinePracticeView.swift in Sources */,
				200000000000000000000025 /* CricketMprViewModel.swift in Sources */,
				200000000000000000000026 /* CricketMprPracticeView.swift in Sources */,
				200000000000000000000027 /* ImpactPracticeViewModel.swift in Sources */,
				200000000000000000000028 /* ImpactPracticeView.swift in Sources */,
				200000000000000000000029 /* ImpactReportView.swift in Sources */,
				20000000000000000000002A /* VersusViewModel.swift in Sources */,
				20000000000000000000002B /* VersusFlowView.swift in Sources */,
			);
			runOnlyForDeploymentPostprocessing = 0;
		};
		400000000000000000000005 /* Sources */ = {
			isa = PBXSourcesBuildPhase;
			buildActionMask = 2147483647;
			files = (
				20000000000000000000001D /* DartVioUITests.swift in Sources */,
			);
			runOnlyForDeploymentPostprocessing = 0;
		};
/* End PBXSourcesBuildPhase section */

/* Begin PBXTargetDependency section */
		800000000000000000000002 /* PBXTargetDependency */ = {
			isa = PBXTargetDependency;
			target = 500000000000000000000001 /* DartVio */;
			targetProxy = 800000000000000000000001 /* PBXContainerItemProxy */;
		};
/* End PBXTargetDependency section */

/* Begin XCBuildConfiguration section */
		600000000000000000000001 /* Debug */ = {
			isa = XCBuildConfiguration;
			buildSettings = {
				ALWAYS_SEARCH_USER_PATHS = NO;
				CLANG_ANALYZER_NONNULL = YES;
				CLANG_ENABLE_MODULES = YES;
				CLANG_ENABLE_OBJC_ARC = YES;
				COPY_PHASE_STRIP = NO;
				ENABLE_STRICT_OBJC_MSGSEND = YES;
				ENABLE_TESTABILITY = YES;
				GCC_C_LANGUAGE_STANDARD = gnu17;
				GCC_NO_COMMON_BLOCKS = YES;
				GCC_OPTIMIZATION_LEVEL = 0;
				GCC_PREPROCESSOR_DEFINITIONS = (
					"DEBUG=1",
					"$(inherited)",
				);
				IPHONEOS_DEPLOYMENT_TARGET = 17.0;
				MTL_ENABLE_DEBUG_INFO = INCLUDE_SOURCE;
				ONLY_ACTIVE_ARCH = YES;
				SDKROOT = iphoneos;
				SWIFT_ACTIVE_COMPILATION_CONDITIONS = "DEBUG $(inherited)";
				SWIFT_OPTIMIZATION_LEVEL = "-Onone";
			};
			name = Debug;
		};
		600000000000000000000002 /* Release */ = {
			isa = XCBuildConfiguration;
			buildSettings = {
				ALWAYS_SEARCH_USER_PATHS = NO;
				CLANG_ANALYZER_NONNULL = YES;
				CLANG_ENABLE_MODULES = YES;
				CLANG_ENABLE_OBJC_ARC = YES;
				COPY_PHASE_STRIP = NO;
				ENABLE_NS_ASSERTIONS = NO;
				ENABLE_STRICT_OBJC_MSGSEND = YES;
				GCC_C_LANGUAGE_STANDARD = gnu17;
				GCC_NO_COMMON_BLOCKS = YES;
				IPHONEOS_DEPLOYMENT_TARGET = 17.0;
				MTL_ENABLE_DEBUG_INFO = NO;
				SDKROOT = iphoneos;
				SWIFT_COMPILATION_MODE = wholemodule;
				VALIDATE_PRODUCT = YES;
			};
			name = Release;
		};
		600000000000000000000003 /* Debug */ = {
			isa = XCBuildConfiguration;
			buildSettings = {
				ARCHS = arm64;
				CODE_SIGNING_ALLOWED = yes;
				CODE_SIGN_STYLE = Automatic;
				CURRENT_PROJECT_VERSION = 18;
				DEVELOPMENT_TEAM = P5FGHR787N;
				ENABLE_USER_SCRIPT_SANDBOXING = NO;
				FRAMEWORK_SEARCH_PATHS = (
					"$(SRCROOT)/Build/Frameworks",
					"$(PROJECT_DIR)/build/Frameworks",
				);
				GENERATE_INFOPLIST_FILE = YES;
				INFOPLIST_KEY_UILaunchScreen_Generation = YES;
				IPHONEOS_DEPLOYMENT_TARGET = 17.0;
				MARKETING_VERSION = 0.1.18;
				OTHER_LDFLAGS = (
					"$(inherited)",
					"-framework",
					shared,
				);
				PRODUCT_BUNDLE_IDENTIFIER = com.dartvio.app;
				PRODUCT_NAME = "$(TARGET_NAME)";
				SDKROOT = iphoneos;
				SUPPORTED_PLATFORMS = "iphoneos iphonesimulator";
				SWIFT_EMIT_LOC_STRINGS = YES;
				SWIFT_STRICT_CONCURRENCY = minimal;
				SWIFT_VERSION = 5;
				TARGETED_DEVICE_FAMILY = "1,2";
			};
			name = Debug;
		};
		600000000000000000000004 /* Release */ = {
			isa = XCBuildConfiguration;
			buildSettings = {
				ARCHS = arm64;
				CODE_SIGNING_ALLOWED = yes;
				CODE_SIGN_STYLE = Automatic;
				CURRENT_PROJECT_VERSION = 18;
				DEVELOPMENT_TEAM = P5FGHR787N;
				ENABLE_USER_SCRIPT_SANDBOXING = NO;
				FRAMEWORK_SEARCH_PATHS = (
					"$(SRCROOT)/Build/Frameworks",
					"$(PROJECT_DIR)/build/Frameworks",
				);
				GENERATE_INFOPLIST_FILE = YES;
				INFOPLIST_KEY_UILaunchScreen_Generation = YES;
				IPHONEOS_DEPLOYMENT_TARGET = 17.0;
				MARKETING_VERSION = 0.1.18;
				OTHER_LDFLAGS = (
					"$(inherited)",
					"-framework",
					shared,
				);
				PRODUCT_BUNDLE_IDENTIFIER = com.dartvio.app;
				PRODUCT_NAME = "$(TARGET_NAME)";
				SDKROOT = iphoneos;
				SUPPORTED_PLATFORMS = "iphoneos iphonesimulator";
				SWIFT_EMIT_LOC_STRINGS = YES;
				SWIFT_STRICT_CONCURRENCY = minimal;
				SWIFT_VERSION = 5;
				TARGETED_DEVICE_FAMILY = "1,2";
			};
			name = Release;
		};
		600000000000000000000005 /* Debug */ = {
			isa = XCBuildConfiguration;
			buildSettings = {
				ARCHS = arm64;
				CODE_SIGNING_ALLOWED = NO;
				CODE_SIGN_STYLE = Automatic;
				CURRENT_PROJECT_VERSION = 18;
				GENERATE_INFOPLIST_FILE = YES;
				MARKETING_VERSION = 0.1.18;
				PRODUCT_BUNDLE_IDENTIFIER = com.dartvio.app.UITests;
				PRODUCT_NAME = "$(TARGET_NAME)";
				SDKROOT = iphoneos;
				SUPPORTED_PLATFORMS = "iphoneos iphonesimulator";
				SWIFT_EMIT_LOC_STRINGS = NO;
				SWIFT_STRICT_CONCURRENCY = minimal;
				SWIFT_VERSION = 5;
				TARGETED_DEVICE_FAMILY = "1,2";
				TEST_TARGET_NAME = DartVio;
			};
			name = Debug;
		};
		600000000000000000000006 /* Release */ = {
			isa = XCBuildConfiguration;
			buildSettings = {
				ARCHS = arm64;
				CODE_SIGNING_ALLOWED = NO;
				CODE_SIGN_STYLE = Automatic;
				CURRENT_PROJECT_VERSION = 18;
				GENERATE_INFOPLIST_FILE = YES;
				MARKETING_VERSION = 0.1.18;
				PRODUCT_BUNDLE_IDENTIFIER = com.dartvio.app.UITests;
				PRODUCT_NAME = "$(TARGET_NAME)";
				SDKROOT = iphoneos;
				SUPPORTED_PLATFORMS = "iphoneos iphonesimulator";
				SWIFT_EMIT_LOC_STRINGS = NO;
				SWIFT_STRICT_CONCURRENCY = minimal;
				SWIFT_VERSION = 5;
				TARGETED_DEVICE_FAMILY = "1,2";
				TEST_TARGET_NAME = DartVio;
			};
			name = Release;
		};
/* End XCBuildConfiguration section */

/* Begin XCConfigurationList section */
		700000000000000000000001 /* Build configuration list for PBXProject "DartVio" */ = {
			isa = XCConfigurationList;
			buildConfigurations = (
				600000000000000000000001 /* Debug */,
				600000000000000000000002 /* Release */,
			);
			defaultConfigurationIsVisible = 0;
			defaultConfigurationName = Release;
		};
		700000000000000000000002 /* Build configuration list for PBXNativeTarget "DartVio" */ = {
			isa = XCConfigurationList;
			buildConfigurations = (
				600000000000000000000003 /* Debug */,
				600000000000000000000004 /* Release */,
			);
			defaultConfigurationIsVisible = 0;
			defaultConfigurationName = Release;
		};
		700000000000000000000003 /* Build configuration list for PBXNativeTarget "DartVioUITests" */ = {
			isa = XCConfigurationList;
			buildConfigurations = (
				600000000000000000000005 /* Debug */,
				600000000000000000000006 /* Release */,
			);
			defaultConfigurationIsVisible = 0;
			defaultConfigurationName = Release;
		};
/* End XCConfigurationList section */
	};
	rootObject = 500000000000000000000002 /* Project object */;
}
